
Microsoft Visual Studio Solution File, Format Version 12.00
# Visual Studio Version 16
VisualStudioVersion = 16.0.33130.400
MinimumVisualStudioVersion = 10.0.40219.1
Project("{FAE04EC0-301F-11D3-BF4B-00C04F79EFBC}") = "cruid operation in dot net", "cruid operation in dot net\cruid operation in dot net.csproj", "{7F03D556-C586-4757-95A6-30F2EA042DEC}"
EndProject
Global
	GlobalSection(SolutionConfigurationPlatforms) = preSolution
		Debug|Any CPU = Debug|Any CPU
		Release|Any CPU = Release|Any CPU
	EndGlobalSection
	GlobalSection(ProjectConfigurationPlatforms) = postSolution
		{7F03D556-C586-4757-95A6-30F2EA042DEC}.Debug|Any CPU.ActiveCfg = Debug|Any CPU
		{7F03D556-C586-4757-95A6-30F2EA042DEC}.Debug|Any CPU.Build.0 = Debug|Any CPU
		{7F03D556-C586-4757-95A6-30F2EA042DEC}.Release|Any CPU.ActiveCfg = Release|Any CPU
		{7F03D556-C586-4757-95A6-30F2EA042DEC}.Release|Any CPU.Build.0 = Release|Any CPU
	EndGlobalSection
	GlobalSection(SolutionProperties) = preSolution
		HideSolutionNode = FALSE
	EndGlobalSection
	GlobalSection(ExtensibilityGlobals) = postSolution
		SolutionGuid = {8AB5B7A0-CB9A-4C92-A358-15D93EDBFC38}
	EndGlobalSection
EndGlobal
